
Microsoft Visual Studio Solution File, Format Version 12.00
# Visual Studio Version 17
VisualStudioVersion = 17.9.34607.119
MinimumVisualStudioVersion = 10.0.40219.1
Project("{FAE04EC0-301F-11D3-BF4B-00C04F79EFBC}") = "JuboHealth_WebApi", "JuboHealth_WebApi\JuboHealth_WebApi.csproj", "{DA371F40-F9D0-468A-88F8-4684E1BAAFF4}"
EndProject
Global
	GlobalSection(SolutionConfigurationPlatforms) = preSolution
		Debug|Any CPU = Debug|Any CPU
		Release|Any CPU = Release|Any CPU
	EndGlobalSection
	GlobalSection(ProjectConfigurationPlatforms) = postSolution
		{DA371F40-F9D0-468A-88F8-4684E1BAAFF4}.Debug|Any CPU.ActiveCfg = Debug|Any CPU
		{DA371F40-F9D0-468A-88F8-4684E1BAAFF4}.Debug|Any CPU.Build.0 = Debug|Any CPU
		{DA371F40-F9D0-468A-88F8-4684E1BAAFF4}.Release|Any CPU.ActiveCfg = Release|Any CPU
		{DA371F40-F9D0-468A-88F8-4684E1BAAFF4}.Release|Any CPU.Build.0 = Release|Any CPU
	EndGlobalSection
	GlobalSection(SolutionProperties) = preSolution
		HideSolutionNode = FALSE
	EndGlobalSection
	GlobalSection(ExtensibilityGlobals) = postSolution
		SolutionGuid = {2D7BE3B3-A1D9-4EF3-8E3A-19FE66D9D9A6}
	EndGlobalSection
EndGlobal
