
Microsoft Visual Studio Solution File, Format Version 12.00
# Visual Studio Version 17
VisualStudioVersion = 17.9.34607.119
MinimumVisualStudioVersion = 10.0.40219.1
Project("{FAE04EC0-301F-11D3-BF4B-00C04F79EFBC}") = "JuboHealth_Model", "JuboHealth_Model\JuboHealth_Model.csproj", "{53D48693-EC44-4F13-BD6C-8049A3C28964}"
EndProject
Global
	GlobalSection(SolutionConfigurationPlatforms) = preSolution
		Debug|Any CPU = Debug|Any CPU
		Release|Any CPU = Release|Any CPU
	EndGlobalSection
	GlobalSection(ProjectConfigurationPlatforms) = postSolution
		{53D48693-EC44-4F13-BD6C-8049A3C28964}.Debug|Any CPU.ActiveCfg = Debug|Any CPU
		{53D48693-EC44-4F13-BD6C-8049A3C28964}.Debug|Any CPU.Build.0 = Debug|Any CPU
		{53D48693-EC44-4F13-BD6C-8049A3C28964}.Release|Any CPU.ActiveCfg = Release|Any CPU
		{53D48693-EC44-4F13-BD6C-8049A3C28964}.Release|Any CPU.Build.0 = Release|Any CPU
	EndGlobalSection
	GlobalSection(SolutionProperties) = preSolution
		HideSolutionNode = FALSE
	EndGlobalSection
	GlobalSection(ExtensibilityGlobals) = postSolution
		SolutionGuid = {14CCB27B-C085-42EC-A9DD-11B3DBC6A01A}
	EndGlobalSection
EndGlobal
